
Microsoft Visual Studio Solution File, Format Version 11.00
# Visual Studio 2010
Project("{FAE04EC0-301F-11D3-BF4B-00C04F79EFBC}") = "Assembly-CSharp", "Assembly-CSharp.csproj", "{1CCF3A28-9D4E-5AB6-4B2B-59E88E92DBE7}"
EndProject
Project("{FAE04EC0-301F-11D3-BF4B-00C04F79EFBC}") = "Assembly-CSharp-Editor", "Assembly-CSharp-Editor.csproj", "{121DBC02-B4C9-E11F-3694-C31F960095A1}"
EndProject
Global
	GlobalSection(SolutionConfigurationPlatforms) = preSolution
		Debug|Any CPU = Debug|Any CPU
		Release|Any CPU = Release|Any CPU
	EndGlobalSection
	GlobalSection(ProjectConfigurationPlatforms) = postSolution
		{1CCF3A28-9D4E-5AB6-4B2B-59E88E92DBE7}.Debug|Any CPU.ActiveCfg = Debug|Any CPU
		{1CCF3A28-9D4E-5AB6-4B2B-59E88E92DBE7}.Debug|Any CPU.Build.0 = Debug|Any CPU
		{1CCF3A28-9D4E-5AB6-4B2B-59E88E92DBE7}.Release|Any CPU.ActiveCfg = Release|Any CPU
		{1CCF3A28-9D4E-5AB6-4B2B-59E88E92DBE7}.Release|Any CPU.Build.0 = Release|Any CPU
		{121DBC02-B4C9-E11F-3694-C31F960095A1}.Debug|Any CPU.ActiveCfg = Debug|Any CPU
		{121DBC02-B4C9-E11F-3694-C31F960095A1}.Debug|Any CPU.Build.0 = Debug|Any CPU
		{121DBC02-B4C9-E11F-3694-C31F960095A1}.Release|Any CPU.ActiveCfg = Release|Any CPU
		{121DBC02-B4C9-E11F-3694-C31F960095A1}.Release|Any CPU.Build.0 = Release|Any CPU
	EndGlobalSection
	GlobalSection(SolutionProperties) = preSolution
		HideSolutionNode = FALSE
	EndGlobalSection
EndGlobal
